
Microsoft Visual Studio Solution File, Format Version 12.00
# Visual Studio Version 17
VisualStudioVersion = 17.5.33414.496
MinimumVisualStudioVersion = 10.0.40219.1
Project("{9A19103F-16F7-4668-BE54-9A1E7A4F7556}") = "SpecFlowWebUIAutomation", "SpecFlowWebUIAutomation.csproj", "{F8BAE4B4-BA03-41F9-AD73-A96F7A832505}"
EndProject
Project("{2150E333-8FDC-42A3-9474-1A3956D46DE8}") = "Solution Items", "Solution Items", "{B15ECE98-3608-43A4-8400-1BF63022EA6E}"
	ProjectSection(SolutionItems) = preProject
		.editorconfig = .editorconfig
	EndProjectSection
EndProject
Global
	GlobalSection(SolutionConfigurationPlatforms) = preSolution
		Debug|Any CPU = Debug|Any CPU
		Release|Any CPU = Release|Any CPU
	EndGlobalSection
	GlobalSection(ProjectConfigurationPlatforms) = postSolution
		{F8BAE4B4-BA03-41F9-AD73-A96F7A832505}.Debug|Any CPU.ActiveCfg = Debug|Any CPU
		{F8BAE4B4-BA03-41F9-AD73-A96F7A832505}.Debug|Any CPU.Build.0 = Debug|Any CPU
		{F8BAE4B4-BA03-41F9-AD73-A96F7A832505}.Release|Any CPU.ActiveCfg = Release|Any CPU
		{F8BAE4B4-BA03-41F9-AD73-A96F7A832505}.Release|Any CPU.Build.0 = Release|Any CPU
	EndGlobalSection
	GlobalSection(SolutionProperties) = preSolution
		HideSolutionNode = FALSE
	EndGlobalSection
	GlobalSection(ExtensibilityGlobals) = postSolution
		SolutionGuid = {D61B4B86-967A-4594-B9D3-ADF6E332A04F}
	EndGlobalSection
EndGlobal
